Microsoft Visual Studio Solution File, Format Version 12.00
# Visual Studio Version 17
VisualStudioVersion = 17.5.2.0
MinimumVisualStudioVersion = 10.0.40219.1
Project("{FAE04EC0-301F-11D3-BF4B-00C04F79EFBC}") = "StudentGradeCalculator", "StudentGradeCalculator\StudentGradeCalculator.csproj", "{0D0128EE-51AD-56F2-9055-6B643E2F6750}"
EndProject
Project("{2150E333-8FDC-42A3-9474-1A3956D46DE8}") = "StudentGradeCalculatorTest", "StudentGradeCalculatorTest", "{990DA6ED-F2F6-7475-F604-2521E8253F58}"
EndProject
Project("{FAE04EC0-301F-11D3-BF4B-00C04F79EFBC}") = "StudentCalculatorTest", "StudentGradeCalculatorTest\StudentCalculatorTest\StudentCalculatorTest.csproj", "{767E5EC2-8EE1-2F41-777F-14CF7DC037D7}"
EndProject
Global
	GlobalSection(SolutionConfigurationPlatforms) = preSolution
		Debug|Any CPU = Debug|Any CPU
		Release|Any CPU = Release|Any CPU
	EndGlobalSection
	GlobalSection(ProjectConfigurationPlatforms) = postSolution
		{0D0128EE-51AD-56F2-9055-6B643E2F6750}.Debug|Any CPU.ActiveCfg = Debug|Any CPU
		{0D0128EE-51AD-56F2-9055-6B643E2F6750}.Debug|Any CPU.Build.0 = Debug|Any CPU
		{0D0128EE-51AD-56F2-9055-6B643E2F6750}.Release|Any CPU.ActiveCfg = Release|Any CPU
		{0D0128EE-51AD-56F2-9055-6B643E2F6750}.Release|Any CPU.Build.0 = Release|Any CPU
		{767E5EC2-8EE1-2F41-777F-14CF7DC037D7}.Debug|Any CPU.ActiveCfg = Debug|Any CPU
		{767E5EC2-8EE1-2F41-777F-14CF7DC037D7}.Debug|Any CPU.Build.0 = Debug|Any CPU
		{767E5EC2-8EE1-2F41-777F-14CF7DC037D7}.Release|Any CPU.ActiveCfg = Release|Any CPU
		{767E5EC2-8EE1-2F41-777F-14CF7DC037D7}.Release|Any CPU.Build.0 = Release|Any CPU
	EndGlobalSection
	GlobalSection(SolutionProperties) = preSolution
		HideSolutionNode = FALSE
	EndGlobalSection
	GlobalSection(NestedProjects) = preSolution
		{767E5EC2-8EE1-2F41-777F-14CF7DC037D7} = {990DA6ED-F2F6-7475-F604-2521E8253F58}
	EndGlobalSection
	GlobalSection(ExtensibilityGlobals) = postSolution
		SolutionGuid = {C8101C56-FB0F-44FE-83D5-BD84C1B4BAEC}
	EndGlobalSection
EndGlobal
